
Microsoft Visual Studio Solution File, Format Version 12.00
# Visual Studio Version 17
VisualStudioVersion = 17.4.33122.133
MinimumVisualStudioVersion = 10.0.40219.1
Project("{888888A0-9F3D-457C-B088-3A5042F75D52}") = "Ejercicio 4", "Ejercicio 4\Ejercicio 4.pyproj", "{914F6BEA-D91C-4082-9F82-93850F980C2D}"
EndProject
Global
	GlobalSection(SolutionConfigurationPlatforms) = preSolution
		Debug|Any CPU = Debug|Any CPU
		Release|Any CPU = Release|Any CPU
	EndGlobalSection
	GlobalSection(ProjectConfigurationPlatforms) = postSolution
		{914F6BEA-D91C-4082-9F82-93850F980C2D}.Debug|Any CPU.ActiveCfg = Debug|Any CPU
		{914F6BEA-D91C-4082-9F82-93850F980C2D}.Release|Any CPU.ActiveCfg = Release|Any CPU
	EndGlobalSection
	GlobalSection(SolutionProperties) = preSolution
		HideSolutionNode = FALSE
	EndGlobalSection
	GlobalSection(ExtensibilityGlobals) = postSolution
		SolutionGuid = {E37C3AC5-DC83-4448-AFBF-42299F6A3684}
	EndGlobalSection
EndGlobal
